
Microsoft Visual Studio Solution File, Format Version 12.00
# Visual Studio 11
Project("{FAE04EC0-301F-11D3-BF4B-00C04F79EFBC}") = "Art", "Art\Art.csproj", "{B1CE8D7C-4DD3-4507-9372-F5F12CBEF583}"
EndProject
Project("{FAE04EC0-301F-11D3-BF4B-00C04F79EFBC}") = "Art.Core", "Art.Core\Art.Core.csproj", "{9D924545-77DF-489E-AACE-CDE4D063DBCB}"
EndProject
Project("{2150E333-8FDC-42A3-9474-1A3956D46DE8}") = "Renderers", "Renderers", "{7B00DEBD-3C41-4E40-A078-6305958312A3}"
EndProject
Project("{2150E333-8FDC-42A3-9474-1A3956D46DE8}") = "Accelerators", "Accelerators", "{9738BA1C-D501-4B43-9D62-950D40E43CD2}"
EndProject
Project("{2150E333-8FDC-42A3-9474-1A3956D46DE8}") = "Shapes", "Shapes", "{DAC97FE2-A560-4BBB-8714-36FB2FBE73C5}"
EndProject
Project("{FAE04EC0-301F-11D3-BF4B-00C04F79EFBC}") = "Art.Shapes.Disk", "Shapes\Art.Shapes.Disk\Art.Shapes.Disk.csproj", "{562D7EF4-2E79-40C0-89BC-304A66657738}"
EndProject
Global
	GlobalSection(SolutionConfigurationPlatforms) = preSolution
		Debug|Any CPU = Debug|Any CPU
		Release|Any CPU = Release|Any CPU
	EndGlobalSection
	GlobalSection(ProjectConfigurationPlatforms) = postSolution
		{562D7EF4-2E79-40C0-89BC-304A66657738}.Debug|Any CPU.ActiveCfg = Debug|Any CPU
		{562D7EF4-2E79-40C0-89BC-304A66657738}.Debug|Any CPU.Build.0 = Debug|Any CPU
		{562D7EF4-2E79-40C0-89BC-304A66657738}.Release|Any CPU.ActiveCfg = Release|Any CPU
		{562D7EF4-2E79-40C0-89BC-304A66657738}.Release|Any CPU.Build.0 = Release|Any CPU
		{9D924545-77DF-489E-AACE-CDE4D063DBCB}.Debug|Any CPU.ActiveCfg = Debug|Any CPU
		{9D924545-77DF-489E-AACE-CDE4D063DBCB}.Debug|Any CPU.Build.0 = Debug|Any CPU
		{9D924545-77DF-489E-AACE-CDE4D063DBCB}.Release|Any CPU.ActiveCfg = Release|Any CPU
		{9D924545-77DF-489E-AACE-CDE4D063DBCB}.Release|Any CPU.Build.0 = Release|Any CPU
		{B1CE8D7C-4DD3-4507-9372-F5F12CBEF583}.Debug|Any CPU.ActiveCfg = Debug|Any CPU
		{B1CE8D7C-4DD3-4507-9372-F5F12CBEF583}.Debug|Any CPU.Build.0 = Debug|Any CPU
		{B1CE8D7C-4DD3-4507-9372-F5F12CBEF583}.Release|Any CPU.ActiveCfg = Release|Any CPU
		{B1CE8D7C-4DD3-4507-9372-F5F12CBEF583}.Release|Any CPU.Build.0 = Release|Any CPU
	EndGlobalSection
	GlobalSection(SolutionProperties) = preSolution
		HideSolutionNode = FALSE
	EndGlobalSection
	GlobalSection(NestedProjects) = preSolution
		{562D7EF4-2E79-40C0-89BC-304A66657738} = {DAC97FE2-A560-4BBB-8714-36FB2FBE73C5}
	EndGlobalSection
EndGlobal
